Microsoft Visual Studio Solution File, Format Version 12.00
# Visual Studio Version 17
VisualStudioVersion = 17.5.2.0
MinimumVisualStudioVersion = 10.0.40219.1
Project("{FAE04EC0-301F-11D3-BF4B-00C04F79EFBC}") = "Siskop", "Siskop.csproj", "{2FF88B6A-42DB-C190-87EB-EDB0558DB01E}"
EndProject
Global
	GlobalSection(SolutionConfigurationPlatforms) = preSolution
		Debug|Any CPU = Debug|Any CPU
		Release|Any CPU = Release|Any CPU
	EndGlobalSection
	GlobalSection(ProjectConfigurationPlatforms) = postSolution
		{2FF88B6A-42DB-C190-87EB-EDB0558DB01E}.Debug|Any CPU.ActiveCfg = Debug|Any CPU
		{2FF88B6A-42DB-C190-87EB-EDB0558DB01E}.Debug|Any CPU.Build.0 = Debug|Any CPU
		{2FF88B6A-42DB-C190-87EB-EDB0558DB01E}.Release|Any CPU.ActiveCfg = Release|Any CPU
		{2FF88B6A-42DB-C190-87EB-EDB0558DB01E}.Release|Any CPU.Build.0 = Release|Any CPU
	EndGlobalSection
	GlobalSection(SolutionProperties) = preSolution
		HideSolutionNode = FALSE
	EndGlobalSection
	GlobalSection(ExtensibilityGlobals) = postSolution
		SolutionGuid = {1005E538-9F11-4080-AC1E-79325E65112C}
	EndGlobalSection
EndGlobal
